
Microsoft Visual Studio Solution File, Format Version 12.00
# Visual Studio Version 17
VisualStudioVersion = 17.9.34701.34
MinimumVisualStudioVersion = 10.0.40219.1
Project("{FAE04EC0-301F-11D3-BF4B-00C04F79EFBC}") = "TicTaeToe", "TicTaeToe.csproj", "{B214E3EE-AA99-4B59-9997-3C11A8AC64D9}"
EndProject
Global
	GlobalSection(SolutionConfigurationPlatforms) = preSolution
		Debug|Any CPU = Debug|Any CPU
		Release|Any CPU = Release|Any CPU
	EndGlobalSection
	GlobalSection(ProjectConfigurationPlatforms) = postSolution
		{B214E3EE-AA99-4B59-9997-3C11A8AC64D9}.Debug|Any CPU.ActiveCfg = Debug|Any CPU
		{B214E3EE-AA99-4B59-9997-3C11A8AC64D9}.Debug|Any CPU.Build.0 = Debug|Any CPU
		{B214E3EE-AA99-4B59-9997-3C11A8AC64D9}.Release|Any CPU.ActiveCfg = Release|Any CPU
		{B214E3EE-AA99-4B59-9997-3C11A8AC64D9}.Release|Any CPU.Build.0 = Release|Any CPU
	EndGlobalSection
	GlobalSection(SolutionProperties) = preSolution
		HideSolutionNode = FALSE
	EndGlobalSection
	GlobalSection(ExtensibilityGlobals) = postSolution
		SolutionGuid = {60E2C77E-F867-4C3C-BFBA-6730E624FC5B}
	EndGlobalSection
EndGlobal
